
Microsoft Visual Studio Solution File, Format Version 12.00
# Visual Studio 15
VisualStudioVersion = 15.0.27428.2005
MinimumVisualStudioVersion = 10.0.40219.1
Project("{FAE04EC0-301F-11D3-BF4B-00C04F79EFBC}") = "DataAnnotationsValidator", "DataAnnotationsValidator\DataAnnotationsValidator.csproj", "{3D85AC0B-2035-41D8-A27C-4D4695198AD3}"
EndProject
Project("{FAE04EC0-301F-11D3-BF4B-00C04F79EFBC}") = "DataAnnotationsValidator.Tests", "DataAnnotationsValidator.Tests\DataAnnotationsValidator.Tests.csproj", "{88FC5CB7-43CA-41CB-A7F1-1FE42CF2C2E9}"
EndProject
Global
	GlobalSection(SolutionConfigurationPlatforms) = preSolution
		Debug|Any CPU = Debug|Any CPU
		Release|Any CPU = Release|Any CPU
	EndGlobalSection
	GlobalSection(ProjectConfigurationPlatforms) = postSolution
		{3D85AC0B-2035-41D8-A27C-4D4695198AD3}.Debug|Any CPU.ActiveCfg = Debug|Any CPU
		{3D85AC0B-2035-41D8-A27C-4D4695198AD3}.Debug|Any CPU.Build.0 = Debug|Any CPU
		{3D85AC0B-2035-41D8-A27C-4D4695198AD3}.Release|Any CPU.ActiveCfg = Release|Any CPU
		{3D85AC0B-2035-41D8-A27C-4D4695198AD3}.Release|Any CPU.Build.0 = Release|Any CPU
		{88FC5CB7-43CA-41CB-A7F1-1FE42CF2C2E9}.Debug|Any CPU.ActiveCfg = Debug|Any CPU
		{88FC5CB7-43CA-41CB-A7F1-1FE42CF2C2E9}.Debug|Any CPU.Build.0 = Debug|Any CPU
		{88FC5CB7-43CA-41CB-A7F1-1FE42CF2C2E9}.Release|Any CPU.ActiveCfg = Release|Any CPU
		{88FC5CB7-43CA-41CB-A7F1-1FE42CF2C2E9}.Release|Any CPU.Build.0 = Release|Any CPU
	EndGlobalSection
	GlobalSection(SolutionProperties) = preSolution
		HideSolutionNode = FALSE
	EndGlobalSection
	GlobalSection(ExtensibilityGlobals) = postSolution
		SolutionGuid = {03929DF6-9EF3-4B61-9E9D-06A75F56BD9F}
	EndGlobalSection
EndGlobal
